
Microsoft Visual Studio Solution File, Format Version 12.00
# Visual Studio 15
VisualStudioVersion = 15.0.28307.1831
MinimumVisualStudioVersion = 10.0.40219.1
Project("{FAE04EC0-301F-11D3-BF4B-00C04F79EFBC}") = "Pre_Accounting_CAPRICORN", "Pre_Accounting-CAPRICORN\Pre_Accounting_CAPRICORN.csproj", "{DA80297E-7CC1-4A79-AF03-0E97821B2321}"
EndProject
Global
	GlobalSection(SolutionConfigurationPlatforms) = preSolution
		Debug|Any CPU = Debug|Any CPU
		Release|Any CPU = Release|Any CPU
	EndGlobalSection
	GlobalSection(ProjectConfigurationPlatforms) = postSolution
		{DA80297E-7CC1-4A79-AF03-0E97821B2321}.Debug|Any CPU.ActiveCfg = Debug|Any CPU
		{DA80297E-7CC1-4A79-AF03-0E97821B2321}.Debug|Any CPU.Build.0 = Debug|Any CPU
		{DA80297E-7CC1-4A79-AF03-0E97821B2321}.Release|Any CPU.ActiveCfg = Release|Any CPU
		{DA80297E-7CC1-4A79-AF03-0E97821B2321}.Release|Any CPU.Build.0 = Release|Any CPU
	EndGlobalSection
	GlobalSection(SolutionProperties) = preSolution
		HideSolutionNode = FALSE
	EndGlobalSection
	GlobalSection(ExtensibilityGlobals) = postSolution
		SolutionGuid = {101DFCE2-CE7D-4218-B53C-681CC0F7273B}
	EndGlobalSection
EndGlobal
